# This file is autogenerated, do not edit; changes may be undone by the next 'dep ensure'.


[[projects]]
  branch = "master"
  name = "github.com/AdRoll/goamz"
  packages = ["aws","ec2","s3"]
  revision = "2731d20f46f42449a49b3464271c5fba8da60ed6"

[[projects]]
  branch = "master"
  name = "github.com/ErikDubbelboer/gspt"
  packages = ["."]
  revision = "1413420207d2f210b0a7839ba51178e0781d437f"

[[projects]]
  branch = "2-1-stable"
  name = "github.com/buildkite/agent"
  packages = ["agent","api","glob","logger","mime","pool","process","proctitle","retry","signalwatcher","system"]
  revision = "7272c2472f226650d19ff0ff5c309c01fdc6cffa"

[[projects]]
  branch = "master"
  name = "github.com/google/go-querystring"
  packages = ["query"]
  revision = "53e6ce116135b80d037921a7fdd5138cf32d7a8a"

[[projects]]
  name = "github.com/hashicorp/hil"
  packages = [".","ast"]
  revision = "3eb5226cd1c40e1788b3295b5bafb5a2fcac90a6"

[[projects]]
  name = "github.com/kr/pty"
  packages = ["."]
  revision = "95d05c1eef33a45bd58676b6ce28d105839b8d0b"
  version = "v1.0.1"

[[projects]]
  branch = "master"
  name = "github.com/mitchellh/reflectwalk"
  packages = ["."]
  revision = "63d60e9d0dbc60cf9164e6510889b0db6683d98c"

[[projects]]
  name = "github.com/pborman/uuid"
  packages = ["."]
  revision = "e790cca94e6cc75c7064b1332e63811d4aae1a53"
  version = "v1.1"

[[projects]]
  branch = "master"
  name = "golang.org/x/crypto"
  packages = ["ssh/terminal"]
  revision = "bd6f299fb381e4c3393d1c4b1f0b94f5e77650c8"

[[projects]]
  branch = "master"
  name = "golang.org/x/net"
  packages = ["http2","http2/hpack","idna","lex/httplex"]
  revision = "01c190206fbdffa42f334f4b2bf2220f50e64920"

[[projects]]
  branch = "master"
  name = "golang.org/x/sys"
  packages = ["unix","windows"]
  revision = "46eaec7899b1dd945c25db17c78ba3f0c58a6613"

[[projects]]
  branch = "master"
  name = "golang.org/x/text"
  packages = ["collate","collate/build","internal/colltab","internal/gen","internal/tag","internal/triegen","internal/ucd","language","secure/bidirule","transform","unicode/bidi","unicode/cldr","unicode/norm","unicode/rangetable"]
  revision = "88f656faf3f37f690df1a32515b479415e1a6769"

[[projects]]
  branch = "v24"
  name = "gopkg.in/libgit2/git2go.v24"
  packages = ["."]
  revision = "22091886372e73de5d66168e8665775676ec13c5"

[[projects]]
  branch = "v2"
  name = "gopkg.in/yaml.v2"
  packages = ["."]
  revision = "eb3733d160e74a9c7e442f435eb3bea458e1d19f"

[solve-meta]
  analyzer-name = "dep"
  analyzer-version = 1
  inputs-digest = "4f8f7861ea4ed50725f0f6804d6362cc66c974093975ef22e35f8916be59877f"
  solver-name = "gps-cdcl"
  solver-version = 1
