# This file is autogenerated, do not edit; changes may be undone by the next 'dep ensure'.


[[projects]]
  branch = "master"
  digest = "1:6e1feb05e32ecbfb84613fd2e85f866e443a1b9256d87febc4ec83cbb7a67396"
  name = "github.com/AdRoll/goamz"
  packages = [
    "aws",
    "ec2",
    "s3",
  ]
  pruneopts = ""
  revision = "2731d20f46f42449a49b3464271c5fba8da60ed6"

[[projects]]
  branch = "master"
  digest = "1:f725dbefac89fa21758078ddd1ee937daf4fdc99456432670e1bc6c6cd984abd"
  name = "github.com/ErikDubbelboer/gspt"
  packages = ["."]
  pruneopts = ""
  revision = "1413420207d2f210b0a7839ba51178e0781d437f"

[[projects]]
  branch = "2-1-stable"
  digest = "1:a30606d9610d2d8c894946bbd6d18102ef1c3f4806f27df318ac8452d755e251"
  name = "github.com/buildkite/agent"
  packages = [
    "agent",
    "api",
    "glob",
    "logger",
    "mime",
    "pool",
    "process",
    "proctitle",
    "retry",
    "signalwatcher",
    "system",
  ]
  pruneopts = ""
  revision = "7272c2472f226650d19ff0ff5c309c01fdc6cffa"

[[projects]]
  digest = "1:8a8904944108cb4a6f2394e76a562fb89e61e177edcca6d6b8b9700fa92c422c"
  name = "github.com/go-test/deep"
  packages = ["."]
  pruneopts = ""
  revision = "3026925edefd8a1125321a9b7d4bce573496b35d"
  version = "v1.0.8"

[[projects]]
  branch = "master"
  digest = "1:9abc49f39e3e23e262594bb4fb70abf74c0c99e94f99153f43b143805e850719"
  name = "github.com/google/go-querystring"
  packages = ["query"]
  pruneopts = ""
  revision = "53e6ce116135b80d037921a7fdd5138cf32d7a8a"

[[projects]]
  digest = "1:5f178313873eed0991ca3a340bc842009719e702af066de08f43c2037e39cda5"
  name = "github.com/hashicorp/hil"
  packages = [
    ".",
    "ast",
  ]
  pruneopts = ""
  revision = "3eb5226cd1c40e1788b3295b5bafb5a2fcac90a6"

[[projects]]
  digest = "1:df59e3a3e40dcadf5251481ae4e01c311fde18feb85238031e9e74fd63a2c95e"
  name = "github.com/kr/pty"
  packages = ["."]
  pruneopts = ""
  revision = "95d05c1eef33a45bd58676b6ce28d105839b8d0b"
  version = "v1.0.1"

[[projects]]
  branch = "master"
  digest = "1:a5aebbd13aa160140a1fd1286b94cd8c6ba3d1522014fd04508d7f36d5bb8d19"
  name = "github.com/mitchellh/reflectwalk"
  packages = ["."]
  pruneopts = ""
  revision = "63d60e9d0dbc60cf9164e6510889b0db6683d98c"

[[projects]]
  digest = "1:63e142fc50307bcb3c57494913cfc9c12f6061160bdf97a678f78c71615f939b"
  name = "github.com/pborman/uuid"
  packages = ["."]
  pruneopts = ""
  revision = "e790cca94e6cc75c7064b1332e63811d4aae1a53"
  version = "v1.1"

[[projects]]
  branch = "master"
  digest = "1:a992f0c68fa56538ede286e9e3827341fab57b7532552a771f47a32db0e6117b"
  name = "golang.org/x/crypto"
  packages = ["ssh/terminal"]
  pruneopts = ""
  revision = "bd6f299fb381e4c3393d1c4b1f0b94f5e77650c8"

[[projects]]
  branch = "master"
  digest = "1:380a633fea75037d4c51ccfab9bdd77cd0d9ecaf2c01fbcd4b07cfa23fc49a8d"
  name = "golang.org/x/net"
  packages = [
    "http2",
    "http2/hpack",
    "idna",
    "lex/httplex",
  ]
  pruneopts = ""
  revision = "01c190206fbdffa42f334f4b2bf2220f50e64920"

[[projects]]
  branch = "master"
  digest = "1:b1c27e202470aa0e2c84a3fbb2c81e4327384ea94e250fcdb9af6127ff647347"
  name = "golang.org/x/sys"
  packages = [
    "unix",
    "windows",
  ]
  pruneopts = ""
  revision = "46eaec7899b1dd945c25db17c78ba3f0c58a6613"

[[projects]]
  branch = "master"
  digest = "1:39a1a71adca4b837a25dc6b5fcdd9d175e4597c6d3440f107dfeda31230218e4"
  name = "golang.org/x/text"
  packages = [
    "collate",
    "collate/build",
    "internal/colltab",
    "internal/gen",
    "internal/tag",
    "internal/triegen",
    "internal/ucd",
    "language",
    "secure/bidirule",
    "transform",
    "unicode/bidi",
    "unicode/cldr",
    "unicode/norm",
    "unicode/rangetable",
  ]
  pruneopts = ""
  revision = "88f656faf3f37f690df1a32515b479415e1a6769"

[[projects]]
  branch = "v26"
  digest = "1:b7bf4f32ef3b3ffa27c964173b5a7d569f337452e731c5433e4034c418d4011c"
  name = "gopkg.in/libgit2/git2go.v26"
  packages = ["."]
  pruneopts = ""
  revision = "c9f7fd544d3991bd26c400b3c227673bcada42cc"

[[projects]]
  branch = "v2"
  digest = "1:81314a486195626940617e43740b4fa073f265b0715c9f54ce2027fee1cb5f61"
  name = "gopkg.in/yaml.v2"
  packages = ["."]
  pruneopts = ""
  revision = "eb3733d160e74a9c7e442f435eb3bea458e1d19f"

[solve-meta]
  analyzer-name = "dep"
  analyzer-version = 1
  input-imports = [
    "github.com/buildkite/agent/agent",
    "github.com/buildkite/agent/api",
    "github.com/buildkite/agent/retry",
    "github.com/go-test/deep",
    "github.com/hashicorp/hil",
    "github.com/hashicorp/hil/ast",
    "gopkg.in/libgit2/git2go.v26",
    "gopkg.in/yaml.v2",
  ]
  solver-name = "gps-cdcl"
  solver-version = 1
